
Microsoft Visual Studio Solution File, Format Version 12.00
# Visual Studio Version 17
VisualStudioVersion = 17.9.34728.123
MinimumVisualStudioVersion = 10.0.40219.1
Project("{FAE04EC0-301F-11D3-BF4B-00C04F79EFBC}") = "RabbitMQ.Consumer", "RabbitMQ.Consumer\RabbitMQ.Consumer.csproj", "{AC234C6C-0F7F-4B58-86F8-C9D2C4AA8921}"
EndProject
Global
	GlobalSection(SolutionConfigurationPlatforms) = preSolution
		Debug|Any CPU = Debug|Any CPU
		Release|Any CPU = Release|Any CPU
	EndGlobalSection
	GlobalSection(ProjectConfigurationPlatforms) = postSolution
		{AC234C6C-0F7F-4B58-86F8-C9D2C4AA8921}.Debug|Any CPU.ActiveCfg = Debug|Any CPU
		{AC234C6C-0F7F-4B58-86F8-C9D2C4AA8921}.Debug|Any CPU.Build.0 = Debug|Any CPU
		{AC234C6C-0F7F-4B58-86F8-C9D2C4AA8921}.Release|Any CPU.ActiveCfg = Release|Any CPU
		{AC234C6C-0F7F-4B58-86F8-C9D2C4AA8921}.Release|Any CPU.Build.0 = Release|Any CPU
	EndGlobalSection
	GlobalSection(SolutionProperties) = preSolution
		HideSolutionNode = FALSE
	EndGlobalSection
	GlobalSection(ExtensibilityGlobals) = postSolution
		SolutionGuid = {94FAA1AE-68E6-4498-8217-317D183D09B0}
	EndGlobalSection
EndGlobal
